
Microsoft Visual Studio Solution File, Format Version 12.00
# Visual Studio Version 17
VisualStudioVersion = 17.3.32929.385
MinimumVisualStudioVersion = 10.0.40219.1
Project("{FAE04EC0-301F-11D3-BF4B-00C04F79EFBC}") = "AdventOfCode2022", "AdventOfCode2022.csproj", "{4E22CF69-519B-4986-AA4E-8A4346034C2E}"
EndProject
Global
	GlobalSection(SolutionConfigurationPlatforms) = preSolution
		Debug|Any CPU = Debug|Any CPU
		Release|Any CPU = Release|Any CPU
	EndGlobalSection
	GlobalSection(ProjectConfigurationPlatforms) = postSolution
		{4E22CF69-519B-4986-AA4E-8A4346034C2E}.Debug|Any CPU.ActiveCfg = Debug|Any CPU
		{4E22CF69-519B-4986-AA4E-8A4346034C2E}.Debug|Any CPU.Build.0 = Debug|Any CPU
		{4E22CF69-519B-4986-AA4E-8A4346034C2E}.Release|Any CPU.ActiveCfg = Release|Any CPU
		{4E22CF69-519B-4986-AA4E-8A4346034C2E}.Release|Any CPU.Build.0 = Release|Any CPU
	EndGlobalSection
	GlobalSection(SolutionProperties) = preSolution
		HideSolutionNode = FALSE
	EndGlobalSection
	GlobalSection(ExtensibilityGlobals) = postSolution
		SolutionGuid = {2BF39A54-5827-430C-B8C8-9FEF2B378C6F}
	EndGlobalSection
EndGlobal
